
Microsoft Visual Studio Solution File, Format Version 12.00
# Visual Studio 15
VisualStudioVersion = 15.0.28307.902
MinimumVisualStudioVersion = 10.0.40219.1
Project("{FAE04EC0-301F-11D3-BF4B-00C04F79EFBC}") = "III Projekt", "III Projekt.csproj", "{C18BD255-2FA5-4267-90E6-FA02F5678E3C}"
EndProject
Global
	GlobalSection(SolutionConfigurationPlatforms) = preSolution
		Debug|Any CPU = Debug|Any CPU
		Release|Any CPU = Release|Any CPU
	EndGlobalSection
	GlobalSection(ProjectConfigurationPlatforms) = postSolution
		{C18BD255-2FA5-4267-90E6-FA02F5678E3C}.Debug|Any CPU.ActiveCfg = Debug|Any CPU
		{C18BD255-2FA5-4267-90E6-FA02F5678E3C}.Debug|Any CPU.Build.0 = Debug|Any CPU
		{C18BD255-2FA5-4267-90E6-FA02F5678E3C}.Release|Any CPU.ActiveCfg = Release|Any CPU
		{C18BD255-2FA5-4267-90E6-FA02F5678E3C}.Release|Any CPU.Build.0 = Release|Any CPU
	EndGlobalSection
	GlobalSection(SolutionProperties) = preSolution
		HideSolutionNode = FALSE
	EndGlobalSection
	GlobalSection(ExtensibilityGlobals) = postSolution
		SolutionGuid = {1AA8DBE0-5295-4640-AC3B-F4AE47695297}
	EndGlobalSection
EndGlobal
